
Microsoft Visual Studio Solution File, Format Version 12.00
# Visual Studio Version 16
VisualStudioVersion = 16.0.30611.23
MinimumVisualStudioVersion = 10.0.40219.1
Project("{FAE04EC0-301F-11D3-BF4B-00C04F79EFBC}") = "TestAssignment - Crypto Info Board", "TestAssignment - Crypto Info Board\TestAssignment - Crypto Info Board.csproj", "{751B32EE-FD57-479C-96A9-41954E56BFDE}"
EndProject
Global
	GlobalSection(SolutionConfigurationPlatforms) = preSolution
		Debug|Any CPU = Debug|Any CPU
		Release|Any CPU = Release|Any CPU
	EndGlobalSection
	GlobalSection(ProjectConfigurationPlatforms) = postSolution
		{751B32EE-FD57-479C-96A9-41954E56BFDE}.Debug|Any CPU.ActiveCfg = Debug|Any CPU
		{751B32EE-FD57-479C-96A9-41954E56BFDE}.Debug|Any CPU.Build.0 = Debug|Any CPU
		{751B32EE-FD57-479C-96A9-41954E56BFDE}.Release|Any CPU.ActiveCfg = Release|Any CPU
		{751B32EE-FD57-479C-96A9-41954E56BFDE}.Release|Any CPU.Build.0 = Release|Any CPU
	EndGlobalSection
	GlobalSection(SolutionProperties) = preSolution
		HideSolutionNode = FALSE
	EndGlobalSection
	GlobalSection(ExtensibilityGlobals) = postSolution
		SolutionGuid = {58DB8F3D-3A81-4645-8EC2-0DEDD2AC1DC8}
	EndGlobalSection
EndGlobal
